
Microsoft Visual Studio Solution File, Format Version 12.00
# Visual Studio Version 17
VisualStudioVersion = 17.4.33205.214
MinimumVisualStudioVersion = 10.0.40219.1
Project("{FAE04EC0-301F-11D3-BF4B-00C04F79EFBC}") = "ErrorReportSystem", "ErrorReportSystem\ErrorReportSystem.csproj", "{03F9AB9C-A386-42D8-8D52-21C47690D08F}"
EndProject
Global
	GlobalSection(SolutionConfigurationPlatforms) = preSolution
		Debug|Any CPU = Debug|Any CPU
		Release|Any CPU = Release|Any CPU
	EndGlobalSection
	GlobalSection(ProjectConfigurationPlatforms) = postSolution
		{03F9AB9C-A386-42D8-8D52-21C47690D08F}.Debug|Any CPU.ActiveCfg = Debug|Any CPU
		{03F9AB9C-A386-42D8-8D52-21C47690D08F}.Debug|Any CPU.Build.0 = Debug|Any CPU
		{03F9AB9C-A386-42D8-8D52-21C47690D08F}.Release|Any CPU.ActiveCfg = Release|Any CPU
		{03F9AB9C-A386-42D8-8D52-21C47690D08F}.Release|Any CPU.Build.0 = Release|Any CPU
	EndGlobalSection
	GlobalSection(SolutionProperties) = preSolution
		HideSolutionNode = FALSE
	EndGlobalSection
	GlobalSection(ExtensibilityGlobals) = postSolution
		SolutionGuid = {601489BE-6684-45EC-9C4E-7697A6A4FE65}
	EndGlobalSection
EndGlobal
